Microsoft Visual Studio Solution File, Format Version 11.00
# Visual Studio 2008

Project("{96474D56-016C-D9AC-7A8C-F7EEEBB9183D}") = "Pelmanism-of-english", "Assembly-CSharp.csproj", "{1821759D-F46A-C72A-1559-7D915207E4DC}"
EndProject
Global
	GlobalSection(SolutionConfigurationPlatforms) = preSolution
		Debug|Any CPU = Debug|Any CPU
		Release|Any CPU = Release|Any CPU
	EndGlobalSection
	GlobalSection(ProjectConfigurationPlatforms) = postSolution
		{1821759D-F46A-C72A-1559-7D915207E4DC}.Debug|Any CPU.ActiveCfg = Debug|Any CPU
		{1821759D-F46A-C72A-1559-7D915207E4DC}.Debug|Any CPU.Build.0 = Debug|Any CPU
		{1821759D-F46A-C72A-1559-7D915207E4DC}.Release|Any CPU.ActiveCfg = Release|Any CPU
		{1821759D-F46A-C72A-1559-7D915207E4DC}.Release|Any CPU.Build.0 = Release|Any CPU
	EndGlobalSection
	GlobalSection(SolutionProperties) = preSolution
		HideSolutionNode = FALSE
	EndGlobalSection
	GlobalSection(MonoDevelopProperties) = preSolution
		StartupItem = Assembly-CSharp.csproj
	EndGlobalSection
EndGlobal
